{
	"name": "vscode-lsp",
	"version": "1.0.0",
	"lockfileVersion": 1,
	"requires": true,
	"dependencies": {
		"@types/mocha": {
			"version": "2.2.48",
			"resolved": "https://registry.npmjs.org/@types/mocha/-/mocha-2.2.48.tgz",
			"integrity": "sha512-nlK/iyETgafGli8Zh9zJVCTicvU3iajSkRwOh3Hhiva598CMqNJ4NcVCGMTGKpGpTYj/9R8RLzS9NAykSSCqGw==",
			"dev": true
		},
		"@types/node": {
			"version": "6.0.113",
			"resolved": "https://registry.npmjs.org/@types/node/-/node-6.0.113.tgz",
			"integrity": "sha512-f9XXUWFqryzjkZA1EqFvJHSFyqyasV17fq8zCDIzbRV4ctL7RrJGKvG+lcex86Rjbzd1GrER9h9VmF5sSjV0BQ==",
			"dev": true
		},
		"balanced-match": {
			"version": "1.0.0",
			"resolved": "https://registry.npmjs.org/balanced-match/-/balanced-match-1.0.0.tgz",
			"integrity": "sha1-ibTRmasr7kneFk6gK4nORi1xt2c=",
			"dev": true
		},
		"brace-expansion": {
			"version": "1.1.11",
			"resolved": "https://registry.npmjs.org/brace-expansion/-/brace-expansion-1.1.11.tgz",
			"integrity": "sha512-iCuPHDFgrHX7H2vEI/5xpz07zSHB00TpugqhmYtVmMO6518mCuRMoOYFldEBl0g187ufozdaHgWKcYFb61qGiA==",
			"dev": true,
			"requires": {
				"balanced-match": "^1.0.0",
				"concat-map": "0.0.1"
			}
		},
		"concat-map": {
			"version": "0.0.1",
			"resolved": "https://registry.npmjs.org/concat-map/-/concat-map-0.0.1.tgz",
			"integrity": "sha1-2Klr13/Wjfd5OnMDajug1UBdR3s=",
			"dev": true
		},
		"es6-object-assign": {
			"version": "1.1.0",
			"resolved": "https://registry.npmjs.org/es6-object-assign/-/es6-object-assign-1.1.0.tgz",
			"integrity": "sha1-wsNYJlYkfDnqEHyx5mUrb58kUjw=",
			"dev": true
		},
		"escape-string-regexp": {
			"version": "1.0.5",
			"resolved": "https://registry.npmjs.org/escape-string-regexp/-/escape-string-regexp-1.0.5.tgz",
			"integrity": "sha1-G2HAViGQqN/2rjuyzwIAyhMLhtQ=",
			"dev": true
		},
		"fs.realpath": {
			"version": "1.0.0",
			"resolved": "https://registry.npmjs.org/fs.realpath/-/fs.realpath-1.0.0.tgz",
			"integrity": "sha1-FQStJSMVjKpA20onh8sBQRmU6k8=",
			"dev": true
		},
		"glob": {
			"version": "7.1.1",
			"resolved": "https://registry.npmjs.org/glob/-/glob-7.1.1.tgz",
			"integrity": "sha1-gFIR3wT6rxxjo2ADBs31reULLsg=",
			"dev": true,
			"requires": {
				"fs.realpath": "^1.0.0",
				"inflight": "^1.0.4",
				"inherits": "2",
				"minimatch": "^3.0.2",
				"once": "^1.3.0",
				"path-is-absolute": "^1.0.0"
			}
		},
		"he": {
			"version": "1.1.1",
			"resolved": "https://registry.npmjs.org/he/-/he-1.1.1.tgz",
			"integrity": "sha1-k0EP0hsAlzUVH4howvJx80J+I/0=",
			"dev": true
		},
		"inflight": {
			"version": "1.0.6",
			"resolved": "https://registry.npmjs.org/inflight/-/inflight-1.0.6.tgz",
			"integrity": "sha1-Sb1jMdfQLQwJvJEKEHW6gWW1bfk=",
			"dev": true,
			"requires": {
				"once": "^1.3.0",
				"wrappy": "1"
			}
		},
		"inherits": {
			"version": "2.0.3",
			"resolved": "https://registry.npmjs.org/inherits/-/inherits-2.0.3.tgz",
			"integrity": "sha1-Yzwsg+PaQqUC9SRmAiSA9CCCYd4=",
			"dev": true
		},
		"interpret": {
			"version": "1.1.0",
			"resolved": "https://registry.npmjs.org/interpret/-/interpret-1.1.0.tgz",
			"integrity": "sha1-ftGxQQxqDg94z5XTuEQMY/eLhhQ=",
			"dev": true
		},
		"minimatch": {
			"version": "3.0.4",
			"resolved": "https://registry.npmjs.org/minimatch/-/minimatch-3.0.4.tgz",
			"integrity": "sha1-UWbihkV/AzBgZL5Ul+jbsMPTIIM=",
			"dev": true,
			"requires": {
				"brace-expansion": "^1.1.7"
			}
		},
		"minimist": {
			"version": "0.0.8",
			"resolved": "https://registry.npmjs.org/minimist/-/minimist-0.0.8.tgz",
			"integrity": "sha1-hX/Kv8M5fSYluCKCYuhqp6ARsF0=",
			"dev": true
		},
		"mkdirp": {
			"version": "0.5.1",
			"resolved": "https://registry.npmjs.org/mkdirp/-/mkdirp-0.5.1.tgz",
			"integrity": "sha1-MAV0OOrGz3+MR2fzhkjWaX11yQM=",
			"dev": true,
			"requires": {
				"minimist": "0.0.8"
			}
		},
		"mocha": {
			"version": "5.2.0",
			"resolved": "https://registry.npmjs.org/mocha/-/mocha-5.2.0.tgz",
			"integrity": "sha512-2IUgKDhc3J7Uug+FxMXuqIyYzH7gJjXECKe/w43IGgQHTSj3InJi+yAA7T24L9bQMRKiUEHxEX37G5JpVUGLcQ==",
			"dev": true,
			"requires": {
				"browser-stdout": "1.3.1",
				"commander": "2.15.1",
				"debug": "3.1.0",
				"diff": "3.5.0",
				"escape-string-regexp": "1.0.5",
				"glob": "7.1.2",
				"growl": "1.10.5",
				"he": "1.1.1",
				"minimatch": "3.0.4",
				"mkdirp": "0.5.1",
				"supports-color": "5.4.0"
			},
			"dependencies": {
				"browser-stdout": {
					"version": "1.3.1",
					"resolved": "https://registry.npmjs.org/browser-stdout/-/browser-stdout-1.3.1.tgz",
					"integrity": "sha512-qhAVI1+Av2X7qelOfAIYwXONood6XlZE/fXaBSmW/T5SzLAmCgzi+eiWE7fUvbHaeNBQH13UftjpXxsfLkMpgw==",
					"dev": true
				},
				"commander": {
					"version": "2.15.1",
					"resolved": "https://registry.npmjs.org/commander/-/commander-2.15.1.tgz",
					"integrity": "sha512-VlfT9F3V0v+jr4yxPc5gg9s62/fIVWsd2Bk2iD435um1NlGMYdVCq+MjcXnhYq2icNOizHr1kK+5TI6H0Hy0ag==",
					"dev": true
				},
				"debug": {
					"version": "3.1.0",
					"resolved": "https://registry.npmjs.org/debug/-/debug-3.1.0.tgz",
					"integrity": "sha512-OX8XqP7/1a9cqkxYw2yXss15f26NKWBpDXQd0/uK/KPqdQhxbPa994hnzjcE2VqQpDslf55723cKPUOGSmMY3g==",
					"dev": true,
					"requires": {
						"ms": "2.0.0"
					}
				},
				"diff": {
					"version": "3.5.0",
					"resolved": "https://registry.npmjs.org/diff/-/diff-3.5.0.tgz",
					"integrity": "sha512-A46qtFgd+g7pDZinpnwiRJtxbC1hpgf0uzP3iG89scHk0AUC7A1TGxf5OiiOUv/JMZR8GOt8hL900hV0bOy5xA==",
					"dev": true
				},
				"glob": {
					"version": "7.1.2",
					"resolved": "https://registry.npmjs.org/glob/-/glob-7.1.2.tgz",
					"integrity": "sha512-MJTUg1kjuLeQCJ+ccE4Vpa6kKVXkPYJ2mOCQyUuKLcLQsdrMCpBPUi8qVE6+YuaJkozeA9NusTAw3hLr8Xe5EQ==",
					"dev": true,
					"requires": {
						"fs.realpath": "^1.0.0",
						"inflight": "^1.0.4",
						"inherits": "2",
						"minimatch": "^3.0.4",
						"once": "^1.3.0",
						"path-is-absolute": "^1.0.0"
					}
				},
				"growl": {
					"version": "1.10.5",
					"resolved": "https://registry.npmjs.org/growl/-/growl-1.10.5.tgz",
					"integrity": "sha512-qBr4OuELkhPenW6goKVXiv47US3clb3/IbuWF9KNKEijAy9oeHxU9IgzjvJhHkUzhaj7rOUD7+YGWqUjLp5oSA==",
					"dev": true
				},
				"has-flag": {
					"version": "3.0.0",
					"resolved": "https://registry.npmjs.org/has-flag/-/has-flag-3.0.0.tgz",
					"integrity": "sha1-tdRU3CGZriJWmfNGfloH87lVuv0=",
					"dev": true
				},
				"supports-color": {
					"version": "5.4.0",
					"resolved": "https://registry.npmjs.org/supports-color/-/supports-color-5.4.0.tgz",
					"integrity": "sha512-zjaXglF5nnWpsq470jSv6P9DwPvgLkuapYmfDm3JWOm0vkNTVF2tI4UrN2r6jH1qM/uc/WtxYY1hYoA2dOKj5w==",
					"dev": true,
					"requires": {
						"has-flag": "^3.0.0"
					}
				}
			}
		},
		"ms": {
			"version": "2.0.0",
			"resolved": "https://registry.npmjs.org/ms/-/ms-2.0.0.tgz",
			"integrity": "sha1-VgiurfwAvmwpAd9fmGF4jeDVl8g=",
			"dev": true
		},
		"once": {
			"version": "1.4.0",
			"resolved": "https://registry.npmjs.org/once/-/once-1.4.0.tgz",
			"integrity": "sha1-WDsap3WWHUsROsF9nFC6753Xa9E=",
			"dev": true,
			"requires": {
				"wrappy": "1"
			}
		},
		"path-is-absolute": {
			"version": "1.0.1",
			"resolved": "https://registry.npmjs.org/path-is-absolute/-/path-is-absolute-1.0.1.tgz",
			"integrity": "sha1-F0uSaHNVNP+8es5r9TpanhtcX18=",
			"dev": true
		},
		"path-parse": {
			"version": "1.0.5",
			"resolved": "https://registry.npmjs.org/path-parse/-/path-parse-1.0.5.tgz",
			"integrity": "sha1-PBrfhx6pzWyUMbbqK9dKD/BVxME=",
			"dev": true
		},
		"rechoir": {
			"version": "0.6.2",
			"resolved": "https://registry.npmjs.org/rechoir/-/rechoir-0.6.2.tgz",
			"integrity": "sha1-hSBLVNuoLVdC4oyWdW70OvUOM4Q=",
			"dev": true,
			"requires": {
				"resolve": "^1.1.6"
			}
		},
		"resolve": {
			"version": "1.8.1",
			"resolved": "https://registry.npmjs.org/resolve/-/resolve-1.8.1.tgz",
			"integrity": "sha512-AicPrAC7Qu1JxPCZ9ZgCZlY35QgFnNqc+0LtbRNxnVw4TXvjQ72wnuL9JQcEBgXkI9JM8MsT9kaQoHcpCRJOYA==",
			"dev": true,
			"requires": {
				"path-parse": "^1.0.5"
			}
		},
		"rimraf": {
			"version": "2.6.2",
			"resolved": "https://registry.npmjs.org/rimraf/-/rimraf-2.6.2.tgz",
			"integrity": "sha512-lreewLK/BlghmxtfH36YYVg1i8IAce4TI7oao75I1g245+6BctqTVQiBP3YUJ9C6DQOXJmkYR9X9fCLtCOJc5w==",
			"dev": true,
			"requires": {
				"glob": "^7.0.5"
			}
		},
		"shelljs": {
			"version": "0.8.2",
			"resolved": "https://registry.npmjs.org/shelljs/-/shelljs-0.8.2.tgz",
			"integrity": "sha512-pRXeNrCA2Wd9itwhvLp5LZQvPJ0wU6bcjaTMywHHGX5XWhVN2nzSu7WV0q+oUY7mGK3mgSkDDzP3MgjqdyIgbQ==",
			"dev": true,
			"requires": {
				"glob": "^7.0.0",
				"interpret": "^1.0.0",
				"rechoir": "^0.6.2"
			}
		},
		"shx": {
			"version": "0.2.2",
			"resolved": "https://registry.npmjs.org/shx/-/shx-0.2.2.tgz",
			"integrity": "sha1-CjBNAgsO3xMGrYFXDoDwNG31ijk=",
			"dev": true,
			"requires": {
				"es6-object-assign": "^1.0.3",
				"minimist": "^1.2.0",
				"shelljs": "^0.7.3"
			},
			"dependencies": {
				"minimist": {
					"version": "1.2.0",
					"resolved": "https://registry.npmjs.org/minimist/-/minimist-1.2.0.tgz",
					"integrity": "sha1-o1AIsg9BOD7sH7kU9M1d95omQoQ=",
					"dev": true
				},
				"shelljs": {
					"version": "0.7.8",
					"resolved": "https://registry.npmjs.org/shelljs/-/shelljs-0.7.8.tgz",
					"integrity": "sha1-3svPh0sNHl+3LhSxZKloMEjprLM=",
					"dev": true,
					"requires": {
						"glob": "^7.0.0",
						"interpret": "^1.0.0",
						"rechoir": "^0.6.2"
					}
				}
			}
		},
		"typescript": {
			"version": "2.9.1",
			"resolved": "https://registry.npmjs.org/typescript/-/typescript-2.9.1.tgz",
			"integrity": "sha512-h6pM2f/GDchCFlldnriOhs1QHuwbnmj6/v7499eMHqPeW4V2G0elua2eIc2nu8v2NdHV0Gm+tzX83Hr6nUFjQA==",
			"dev": true
		},
		"wrappy": {
			"version": "1.0.2",
			"resolved": "https://registry.npmjs.org/wrappy/-/wrappy-1.0.2.tgz",
			"integrity": "sha1-tSQ9jz7BqjXxNkYFvA0QNuMKtp8=",
			"dev": true
		}
	}
}
