{
	"name": "vscode-languageserver-node",
	"version": "0.0.0",
	"lockfileVersion": 1,
	"requires": true,
	"dependencies": {
		"@types/node": {
			"version": "12.12.12",
			"resolved": "https://registry.npmjs.org/@types/node/-/node-12.12.12.tgz",
			"integrity": "sha512-MGuvYJrPU0HUwqF7LqvIj50RZUX23Z+m583KBygKYUZLlZ88n6w28XRNJRJgsHukLEnLz6w6SvxZoLgbr5wLqQ==",
			"dev": true
		}
	}
}
