{
	"name": "vscode-languageserver-types",
	"version": "3.15.0-next.1",
	"lockfileVersion": 1,
	"requires": true,
	"dependencies": {
		"vscode-piece-tree": {
			"version": "1.1.1",
			"resolved": "https://registry.npmjs.org/vscode-piece-tree/-/vscode-piece-tree-1.1.1.tgz",
			"integrity": "sha512-wEjxKANfgp207anyu2ritZ7uV8Qvs682o6Yz21HF64l6aVnArO02ol3oYNlkXijYAeoIFQAtEAM+21oS7Fppiw=="
		}
	}
}
