{
	"name": "vscode-languageserver-protocol",
	"version": "3.17.0-next.20",
	"lockfileVersion": 2,
	"requires": true,
	"packages": {
		"": {
			"name": "vscode-languageserver-protocol",
			"version": "3.17.0-next.20",
			"license": "MIT",
			"dependencies": {
				"vscode-jsonrpc": "8.0.0-next.8",
				"vscode-languageserver-types": "3.17.0-next.12"
			}
		},
		"node_modules/vscode-jsonrpc": {
			"version": "8.0.0-next.8",
			"resolved": "https://registry.npmjs.org/vscode-jsonrpc/-/vscode-jsonrpc-8.0.0-next.8.tgz",
			"integrity": "sha512-2eh7v+rzttUG6wg21xnm3U4IaR/i8cU9vHI9ZntRXuBtCcyR3RrPBvl86Ffm91m/Cio45kmn/LskHK3BAKZILA==",
			"engines": {
				"node": ">=14.0.0"
			}
		},
		"node_modules/vscode-languageserver-types": {
			"version": "3.17.0-next.12",
			"resolved": "https://registry.npmjs.org/vscode-languageserver-types/-/vscode-languageserver-types-3.17.0-next.12.tgz",
			"integrity": "sha512-kaXEKkIrkd8UaQzkwUYSMgG6VVr8lplvng+/UKPb6rPYdOJ5a6JqNd87ohgIIWFE/tDWPiFM8TTGIQ2IJe02eg=="
		}
	},
	"dependencies": {
		"vscode-jsonrpc": {
			"version": "8.0.0-next.8",
			"resolved": "https://registry.npmjs.org/vscode-jsonrpc/-/vscode-jsonrpc-8.0.0-next.8.tgz",
			"integrity": "sha512-2eh7v+rzttUG6wg21xnm3U4IaR/i8cU9vHI9ZntRXuBtCcyR3RrPBvl86Ffm91m/Cio45kmn/LskHK3BAKZILA=="
		},
		"vscode-languageserver-types": {
			"version": "3.17.0-next.12",
			"resolved": "https://registry.npmjs.org/vscode-languageserver-types/-/vscode-languageserver-types-3.17.0-next.12.tgz",
			"integrity": "sha512-kaXEKkIrkd8UaQzkwUYSMgG6VVr8lplvng+/UKPb6rPYdOJ5a6JqNd87ohgIIWFE/tDWPiFM8TTGIQ2IJe02eg=="
		}
	}
}
