{
	"name": "vscode-languageserver-protocol",
	"version": "3.8.1",
	"lockfileVersion": 1,
	"requires": true,
	"dependencies": {
		"vscode-jsonrpc": {
			"version": "3.6.2",
			"resolved": "https://registry.npmjs.org/vscode-jsonrpc/-/vscode-jsonrpc-3.6.2.tgz",
			"integrity": "sha512-T24Jb5V48e4VgYliUXMnZ379ItbrXgOimweKaJshD84z+8q7ZOZjJan0MeDe+Ugb+uqERDVV8SBmemaGMSMugA=="
		},
		"vscode-languageserver-types": {
			"version": "3.8.1",
			"resolved": "https://registry.npmjs.org/vscode-languageserver-types/-/vscode-languageserver-types-3.8.1.tgz",
			"integrity": "sha512-O8IBrxSBp2AJALIZBwT2Gd6gX67MMtwCwnfzT9T3QynE+dqikoj7x3kOb3fdIjd9hIoAB2yc38XcJJDw8H1cpw=="
		}
	}
}
