{
	"name": "vscode-languageserver-protocol",
	"version": "3.17.0",
	"lockfileVersion": 2,
	"requires": true,
	"packages": {
		"": {
			"name": "vscode-languageserver-protocol",
			"version": "3.17.0",
			"license": "MIT",
			"dependencies": {
				"vscode-jsonrpc": "8.0.0",
				"vscode-languageserver-types": "3.17.0"
			}
		},
		"node_modules/vscode-jsonrpc": {
			"version": "8.0.0",
			"resolved": "https://registry.npmjs.org/vscode-jsonrpc/-/vscode-jsonrpc-8.0.0.tgz",
			"integrity": "sha512-gc16lr5REIvxqCLQ9Bwf0fQMCnX5eSFoXeXymSXh80HXUtk7E3TWqT/QduFmWK6PSjruWpwc9X2mmpD1WBcS2g==",
			"engines": {
				"node": ">=14.0.0"
			}
		},
		"node_modules/vscode-languageserver-types": {
			"version": "3.17.0",
			"resolved": "https://registry.npmjs.org/vscode-languageserver-types/-/vscode-languageserver-types-3.17.0.tgz",
			"integrity": "sha512-ECJg27DKWEfkIUuNyjMydPsl5Lu7XX1xmwEpZ61I4oeK1qFNbfp3tSZUVmeMPPgnNjasd1rrb3on9jbSe5g3nQ=="
		}
	},
	"dependencies": {
		"vscode-jsonrpc": {
			"version": "8.0.0",
			"resolved": "https://registry.npmjs.org/vscode-jsonrpc/-/vscode-jsonrpc-8.0.0.tgz",
			"integrity": "sha512-gc16lr5REIvxqCLQ9Bwf0fQMCnX5eSFoXeXymSXh80HXUtk7E3TWqT/QduFmWK6PSjruWpwc9X2mmpD1WBcS2g=="
		},
		"vscode-languageserver-types": {
			"version": "3.17.0",
			"resolved": "https://registry.npmjs.org/vscode-languageserver-types/-/vscode-languageserver-types-3.17.0.tgz",
			"integrity": "sha512-ECJg27DKWEfkIUuNyjMydPsl5Lu7XX1xmwEpZ61I4oeK1qFNbfp3tSZUVmeMPPgnNjasd1rrb3on9jbSe5g3nQ=="
		}
	}
}
