{
	"name": "vscode-languageserver",
	"version": "8.2.0-next.0",
	"lockfileVersion": 2,
	"requires": true,
	"packages": {
		"": {
			"name": "vscode-languageserver",
			"version": "8.2.0-next.0",
			"license": "MIT",
			"dependencies": {
				"vscode-languageserver-protocol": "3.17.4-next.0"
			},
			"bin": {
				"installServerIntoExtension": "bin/installServerIntoExtension"
			},
			"devDependencies": {
				"vscode-languageserver-textdocument": "1.0.10"
			}
		},
		"node_modules/vscode-jsonrpc": {
			"version": "8.2.0-next.0",
			"resolved": "https://registry.npmjs.org/vscode-jsonrpc/-/vscode-jsonrpc-8.2.0-next.0.tgz",
			"integrity": "sha512-13jYzaFQpTz5qQ2P+l5c/iTVsj1wUpflP0CR/v4XaEpM0oToLEXZBTcuuox1WaGIbu3Av3xxmGNU4Hydl1iNKg==",
			"engines": {
				"node": ">=14.0.0"
			}
		},
		"node_modules/vscode-languageserver-protocol": {
			"version": "3.17.4-next.0",
			"resolved": "https://registry.npmjs.org/vscode-languageserver-protocol/-/vscode-languageserver-protocol-3.17.4-next.0.tgz",
			"integrity": "sha512-l//t/BY+GHkH9N0VrHN0zLB+KV42LD0EDtzjGL+p/6xqUVEZegbsZg+6ubvqjE8LhyWcTtpA6pLRaczua6+3GQ==",
			"dependencies": {
				"vscode-jsonrpc": "8.2.0-next.0",
				"vscode-languageserver-types": "3.17.4-next.0"
			}
		},
		"node_modules/vscode-languageserver-textdocument": {
			"version": "1.0.10",
			"resolved": "https://registry.npmjs.org/vscode-languageserver-textdocument/-/vscode-languageserver-textdocument-1.0.10.tgz",
			"integrity": "sha512-dPA6WqtAQJ/Iopm0Hrj11VvaKxsEcm62jpqyaYbY0xuvUffeWAn77f3VKr2SCsJphSyEw4Fjkjqm2gQ24KQfrA==",
			"dev": true
		},
		"node_modules/vscode-languageserver-types": {
			"version": "3.17.4-next.0",
			"resolved": "https://registry.npmjs.org/vscode-languageserver-types/-/vscode-languageserver-types-3.17.4-next.0.tgz",
			"integrity": "sha512-2FPKboHnT04xYjfM8JpJVBz4a/tryMw58jmzucaabZMZN5hzoFBrhc97jNG4n6edr9JUb9+QSwwcAcYpDTAoag=="
		}
	},
	"dependencies": {
		"vscode-jsonrpc": {
			"version": "8.2.0-next.0",
			"resolved": "https://registry.npmjs.org/vscode-jsonrpc/-/vscode-jsonrpc-8.2.0-next.0.tgz",
			"integrity": "sha512-13jYzaFQpTz5qQ2P+l5c/iTVsj1wUpflP0CR/v4XaEpM0oToLEXZBTcuuox1WaGIbu3Av3xxmGNU4Hydl1iNKg=="
		},
		"vscode-languageserver-protocol": {
			"version": "3.17.4-next.0",
			"resolved": "https://registry.npmjs.org/vscode-languageserver-protocol/-/vscode-languageserver-protocol-3.17.4-next.0.tgz",
			"integrity": "sha512-l//t/BY+GHkH9N0VrHN0zLB+KV42LD0EDtzjGL+p/6xqUVEZegbsZg+6ubvqjE8LhyWcTtpA6pLRaczua6+3GQ==",
			"requires": {
				"vscode-jsonrpc": "8.2.0-next.0",
				"vscode-languageserver-types": "3.17.4-next.0"
			}
		},
		"vscode-languageserver-textdocument": {
			"version": "1.0.10",
			"resolved": "https://registry.npmjs.org/vscode-languageserver-textdocument/-/vscode-languageserver-textdocument-1.0.10.tgz",
			"integrity": "sha512-dPA6WqtAQJ/Iopm0Hrj11VvaKxsEcm62jpqyaYbY0xuvUffeWAn77f3VKr2SCsJphSyEw4Fjkjqm2gQ24KQfrA==",
			"dev": true
		},
		"vscode-languageserver-types": {
			"version": "3.17.4-next.0",
			"resolved": "https://registry.npmjs.org/vscode-languageserver-types/-/vscode-languageserver-types-3.17.4-next.0.tgz",
			"integrity": "sha512-2FPKboHnT04xYjfM8JpJVBz4a/tryMw58jmzucaabZMZN5hzoFBrhc97jNG4n6edr9JUb9+QSwwcAcYpDTAoag=="
		}
	}
}
