{
	"name": "vscode-languageserver",
	"version": "10.0.0-next.15",
	"lockfileVersion": 3,
	"requires": true,
	"packages": {
		"": {
			"name": "vscode-languageserver",
			"version": "10.0.0-next.15",
			"license": "MIT",
			"dependencies": {
				"vscode-languageserver-protocol": "3.17.6-next.15"
			},
			"bin": {
				"installServerIntoExtension": "bin/installServerIntoExtension"
			},
			"devDependencies": {
				"vscode-languageserver-textdocument": "1.0.12"
			}
		},
		"node_modules/vscode-jsonrpc": {
			"version": "9.0.0-next.10",
			"resolved": "https://registry.npmjs.org/vscode-jsonrpc/-/vscode-jsonrpc-9.0.0-next.10.tgz",
			"integrity": "sha512-P+UOjuG/B1zkLM+bGIdmBwSkDejxtgo6EjG0pIkwnFBI0a2Mb7od36uUu8CPbECeQuh+n3zGcNwDl16DhuJ5IA==",
			"license": "MIT",
			"engines": {
				"node": ">=14.0.0"
			}
		},
		"node_modules/vscode-languageserver-protocol": {
			"version": "3.17.6-next.15",
			"resolved": "https://registry.npmjs.org/vscode-languageserver-protocol/-/vscode-languageserver-protocol-3.17.6-next.15.tgz",
			"integrity": "sha512-aoWX1wwGCndzfrTRhGKVpKAPVy9+WYhUtZW/PJQfHODmVwhVwb4we68CgsQZRTl36t8ZqlSOO2c2TdBPW7hrCw==",
			"license": "MIT",
			"dependencies": {
				"vscode-jsonrpc": "9.0.0-next.10",
				"vscode-languageserver-types": "3.17.6-next.6"
			}
		},
		"node_modules/vscode-languageserver-textdocument": {
			"version": "1.0.12",
			"resolved": "https://registry.npmjs.org/vscode-languageserver-textdocument/-/vscode-languageserver-textdocument-1.0.12.tgz",
			"integrity": "sha512-cxWNPesCnQCcMPeenjKKsOCKQZ/L6Tv19DTRIGuLWe32lyzWhihGVJ/rcckZXJxfdKCFvRLS3fpBIsV/ZGX4zA==",
			"dev": true,
			"license": "MIT"
		},
		"node_modules/vscode-languageserver-types": {
			"version": "3.17.6-next.6",
			"resolved": "https://registry.npmjs.org/vscode-languageserver-types/-/vscode-languageserver-types-3.17.6-next.6.tgz",
			"integrity": "sha512-aiJY5/yW+xzw7KPNlwi3gQtddq/3EIn5z8X8nCgJfaiAij2R1APKePngv+MUdLdYJBVTLu+Qa0ODsT+pHgYguQ==",
			"license": "MIT"
		}
	}
}
