{
	"name": "vscode-languageserver",
	"version": "3.5.1",
	"lockfileVersion": 1,
	"requires": true,
	"dependencies": {
		"vscode-languageserver-protocol": {
			"version": "3.5.1",
			"requires": {
				"vscode-jsonrpc": "3.5.0",
				"vscode-languageserver-types": "3.5.0"
			},
			"dependencies": {
				"vscode-jsonrpc": {
					"version": "3.5.0",
					"bundled": true
				},
				"vscode-languageserver-types": {
					"version": "3.5.0",
					"bundled": true
				}
			}
		},
		"vscode-uri": {
			"version": "1.0.1",
			"resolved": "https://registry.npmjs.org/vscode-uri/-/vscode-uri-1.0.1.tgz",
			"integrity": "sha1-Eahr7+rDxKo+wIYjZRo8gabQu8g="
		}
	}
}
