{
	"name": "testbed-client",
	"version": "0.1.0",
	"lockfileVersion": 2,
	"requires": true,
	"packages": {
		"": {
			"name": "testbed-client",
			"version": "0.1.0",
			"devDependencies": {
				"@types/vscode": "1.67.0"
			},
			"engines": {
				"vscode": "^1.67.0"
			}
		},
		"node_modules/@types/vscode": {
			"version": "1.67.0",
			"resolved": "https://registry.npmjs.org/@types/vscode/-/vscode-1.67.0.tgz",
			"integrity": "sha512-GH8BDf8cw9AC9080uneJfulhSa7KHSMI2s/CyKePXoGNos9J486w2V4YKoeNUqIEkW4hKoEAWp6/cXTwyGj47g==",
			"dev": true
		}
	},
	"dependencies": {
		"@types/vscode": {
			"version": "1.67.0",
			"resolved": "https://registry.npmjs.org/@types/vscode/-/vscode-1.67.0.tgz",
			"integrity": "sha512-GH8BDf8cw9AC9080uneJfulhSa7KHSMI2s/CyKePXoGNos9J486w2V4YKoeNUqIEkW4hKoEAWp6/cXTwyGj47g==",
			"dev": true
		}
	}
}
