{
	"name": "vscode-jsonrpc",
	"version": "8.1.0-next.1",
	"lockfileVersion": 2,
	"requires": true,
	"packages": {
		"": {
			"name": "vscode-jsonrpc",
			"version": "8.1.0-next.1",
			"license": "MIT",
			"devDependencies": {
				"@types/msgpack-lite": "^0.1.7",
				"msgpack-lite": "^0.1.26"
			},
			"engines": {
				"node": ">=14.0.0"
			}
		},
		"node_modules/@types/msgpack-lite": {
			"version": "0.1.7",
			"resolved": "https://registry.npmjs.org/@types/msgpack-lite/-/msgpack-lite-0.1.7.tgz",
			"integrity": "sha512-OYPf2ExHl0TKuDn7M/356RDyCiqOQEs8f+SfePpbfHJJ7C8mqgp4ShgeUTuE8W7Tui2txbyVPiRiDPeK3D9PPA==",
			"dev": true,
			"dependencies": {
				"@types/node": "*"
			}
		},
		"node_modules/@types/node": {
			"version": "14.11.5",
			"resolved": "https://registry.npmjs.org/@types/node/-/node-14.11.5.tgz",
			"integrity": "sha512-jVFzDV6NTbrLMxm4xDSIW/gKnk8rQLF9wAzLWIOg+5nU6ACrIMndeBdXci0FGtqJbP9tQvm6V39eshc96TO2wQ==",
			"dev": true
		},
		"node_modules/event-lite": {
			"version": "0.1.2",
			"resolved": "https://registry.npmjs.org/event-lite/-/event-lite-0.1.2.tgz",
			"integrity": "sha512-HnSYx1BsJ87/p6swwzv+2v6B4X+uxUteoDfRxsAb1S1BePzQqOLevVmkdA15GHJVd9A9Ok6wygUR18Hu0YeV9g==",
			"dev": true
		},
		"node_modules/ieee754": {
			"version": "1.1.13",
			"resolved": "https://registry.npmjs.org/ieee754/-/ieee754-1.1.13.tgz",
			"integrity": "sha512-4vf7I2LYV/HaWerSo3XmlMkp5eZ83i+/CDluXi/IGTs/O1sejBNhTtnxzmRZfvOUqj7lZjqHkeTvpgSFDlWZTg==",
			"dev": true
		},
		"node_modules/int64-buffer": {
			"version": "0.1.10",
			"resolved": "https://registry.npmjs.org/int64-buffer/-/int64-buffer-0.1.10.tgz",
			"integrity": "sha1-J3siiofZWtd30HwTgyAiQGpHNCM=",
			"dev": true
		},
		"node_modules/isarray": {
			"version": "1.0.0",
			"resolved": "https://registry.npmjs.org/isarray/-/isarray-1.0.0.tgz",
			"integrity": "sha1-u5NdSFgsuhaMBoNJV6VKPgcSTxE=",
			"dev": true
		},
		"node_modules/msgpack-lite": {
			"version": "0.1.26",
			"resolved": "https://registry.npmjs.org/msgpack-lite/-/msgpack-lite-0.1.26.tgz",
			"integrity": "sha1-3TxQsm8FnyXn7e42REGDWOKprYk=",
			"dev": true,
			"dependencies": {
				"event-lite": "^0.1.1",
				"ieee754": "^1.1.8",
				"int64-buffer": "^0.1.9",
				"isarray": "^1.0.0"
			},
			"bin": {
				"msgpack": "bin/msgpack"
			}
		}
	},
	"dependencies": {
		"@types/msgpack-lite": {
			"version": "0.1.7",
			"resolved": "https://registry.npmjs.org/@types/msgpack-lite/-/msgpack-lite-0.1.7.tgz",
			"integrity": "sha512-OYPf2ExHl0TKuDn7M/356RDyCiqOQEs8f+SfePpbfHJJ7C8mqgp4ShgeUTuE8W7Tui2txbyVPiRiDPeK3D9PPA==",
			"dev": true,
			"requires": {
				"@types/node": "*"
			}
		},
		"@types/node": {
			"version": "14.11.5",
			"resolved": "https://registry.npmjs.org/@types/node/-/node-14.11.5.tgz",
			"integrity": "sha512-jVFzDV6NTbrLMxm4xDSIW/gKnk8rQLF9wAzLWIOg+5nU6ACrIMndeBdXci0FGtqJbP9tQvm6V39eshc96TO2wQ==",
			"dev": true
		},
		"event-lite": {
			"version": "0.1.2",
			"resolved": "https://registry.npmjs.org/event-lite/-/event-lite-0.1.2.tgz",
			"integrity": "sha512-HnSYx1BsJ87/p6swwzv+2v6B4X+uxUteoDfRxsAb1S1BePzQqOLevVmkdA15GHJVd9A9Ok6wygUR18Hu0YeV9g==",
			"dev": true
		},
		"ieee754": {
			"version": "1.1.13",
			"resolved": "https://registry.npmjs.org/ieee754/-/ieee754-1.1.13.tgz",
			"integrity": "sha512-4vf7I2LYV/HaWerSo3XmlMkp5eZ83i+/CDluXi/IGTs/O1sejBNhTtnxzmRZfvOUqj7lZjqHkeTvpgSFDlWZTg==",
			"dev": true
		},
		"int64-buffer": {
			"version": "0.1.10",
			"resolved": "https://registry.npmjs.org/int64-buffer/-/int64-buffer-0.1.10.tgz",
			"integrity": "sha1-J3siiofZWtd30HwTgyAiQGpHNCM=",
			"dev": true
		},
		"isarray": {
			"version": "1.0.0",
			"resolved": "https://registry.npmjs.org/isarray/-/isarray-1.0.0.tgz",
			"integrity": "sha1-u5NdSFgsuhaMBoNJV6VKPgcSTxE=",
			"dev": true
		},
		"msgpack-lite": {
			"version": "0.1.26",
			"resolved": "https://registry.npmjs.org/msgpack-lite/-/msgpack-lite-0.1.26.tgz",
			"integrity": "sha1-3TxQsm8FnyXn7e42REGDWOKprYk=",
			"dev": true,
			"requires": {
				"event-lite": "^0.1.1",
				"ieee754": "^1.1.8",
				"int64-buffer": "^0.1.9",
				"isarray": "^1.0.0"
			}
		}
	}
}
