{
	"name": "testbed-server",
	"version": "0.1.0",
	"lockfileVersion": 3,
	"requires": true,
	"packages": {
		"": {
			"name": "testbed-server",
			"version": "0.1.0",
			"dependencies": {
				"vscode-uri": "^3.0.1"
			},
			"engines": {
				"node": "*"
			}
		},
		"node_modules/vscode-uri": {
			"version": "3.0.1",
			"resolved": "https://registry.npmjs.org/vscode-uri/-/vscode-uri-3.0.1.tgz",
			"integrity": "sha512-LnMgm97uZM2JDjX/vKbbCk+phm++Ih31e5Ao3lqokawhDRocp2ZAVMRiIhPZx6fS5Sqnquyhxh8ABn9TWCvHoA=="
		}
	}
}
