{
	"name": "testbed-server",
	"version": "0.1.0",
	"lockfileVersion": 3,
	"requires": true,
	"packages": {
		"": {
			"name": "testbed-server",
			"version": "0.1.0",
			"dependencies": {
				"vscode-uri": "^3.0.1"
			},
			"engines": {
				"node": "*"
			}
		},
		"../../jsonrpc": {
			"name": "vscode-jsonrpc",
			"version": "8.2.0-next.2",
			"extraneous": true,
			"license": "MIT",
			"devDependencies": {
				"@types/msgpack-lite": "^0.1.7",
				"msgpack-lite": "^0.1.26"
			},
			"engines": {
				"node": ">=14.0.0"
			}
		},
		"../../protocol": {
			"name": "vscode-languageserver-protocol",
			"version": "3.17.4-next.3",
			"extraneous": true,
			"license": "MIT",
			"dependencies": {
				"vscode-jsonrpc": "8.2.0-next.2",
				"vscode-languageserver-types": "3.17.4-next.2"
			}
		},
		"../../server": {
			"name": "vscode-languageserver",
			"version": "8.2.0-next.3",
			"extraneous": true,
			"license": "MIT",
			"dependencies": {
				"vscode-languageserver-protocol": "3.17.4-next.3"
			},
			"bin": {
				"installServerIntoExtension": "bin/installServerIntoExtension"
			},
			"devDependencies": {
				"vscode-languageserver-textdocument": "1.0.10"
			}
		},
		"../../textDocument": {
			"name": "vscode-languageserver-textdocument",
			"version": "1.0.10",
			"extraneous": true,
			"license": "MIT"
		},
		"../../types": {
			"name": "vscode-languageserver-types",
			"version": "3.17.4-next.2",
			"extraneous": true,
			"license": "MIT"
		},
		"node_modules/vscode-uri": {
			"version": "3.0.1",
			"license": "MIT"
		}
	}
}
